<?xml version="1.0" encoding="UTF-8" standalone="yes" ?>
<CodeBlocks_project_file>
	<FileVersion major="1" minor="6" />
	<Project>
		<Option title="bomberman" />
		<Option pch_mode="2" />
		<Option compiler="gcc" />
		<Build>
			<Target title="Debug">
				<Option output="bin/Debug/bomberman" prefix_auto="1" extension_auto="1" />
				<Option object_output="obj/Debug/" />
				<Option type="0" />
				<Option compiler="gcc" />
				<Compiler>
					<Add option="-g" />
				</Compiler>
			</Target>
			<Target title="Release">
				<Option output="bin/Release/bomberman" prefix_auto="1" extension_auto="1" />
				<Option object_output="obj/Release/" />
				<Option type="0" />
				<Option compiler="gcc" />
				<Compiler>
					<Add option="-O2" />
				</Compiler>
				<Linker>
					<Add option="-s" />
				</Linker>
			</Target>
		</Build>
		<Compiler>
			<Add option="-Wall" />
			<Add directory="include" />
		</Compiler>
		<Linker>
			<Add library="mingw32" />
			<Add library="SDL2main" />
			<Add library="SDL2" />
			<Add library="SDL2_net" />
			<Add library="SDL2_image" />
			<Add library="SDL2_mixer" />
		</Linker>
		<Unit filename="include/bindings.h" />
		<Unit filename="include/chat.h" />
		<Unit filename="include/ent_bomb.h" />
		<Unit filename="include/ent_broken_wall.h" />
		<Unit filename="include/ent_item.h" />
		<Unit filename="include/game_client.h" />
		<Unit filename="include/game_map.h" />
		<Unit filename="include/game_sound.h" />
		<Unit filename="include/game_world.h" />
		<Unit filename="include/healthbar.h" />
		<Unit filename="include/interpolator.h" />
		<Unit filename="include/main.h" />
		<Unit filename="include/packet_io.h" />
		<Unit filename="include/player.h" />
		<Unit filename="include/resources.h" />
		<Unit filename="include/score.h" />
		<Unit filename="include/tile_trampoline.h" />
		<Unit filename="resource/resources.rc">
			<Option compilerVar="WINDRES" />
		</Unit>
		<Unit filename="src/bindings.cpp" />
		<Unit filename="src/chat.cpp" />
		<Unit filename="src/ent_bomb.cpp" />
		<Unit filename="src/ent_broken_wall.cpp" />
		<Unit filename="src/ent_factory.cpp" />
		<Unit filename="src/ent_item.cpp" />
		<Unit filename="src/game_client.cpp" />
		<Unit filename="src/game_map.cpp" />
		<Unit filename="src/game_sound.cpp" />
		<Unit filename="src/game_world.cpp" />
		<Unit filename="src/healthbar.cpp" />
		<Unit filename="src/main.cpp" />
		<Unit filename="src/packet_io.cpp" />
		<Unit filename="src/player.cpp" />
		<Unit filename="src/resources.cpp" />
		<Unit filename="src/score.cpp" />
		<Unit filename="src/tile_trampoline.cpp" />
		<Extensions>
			<code_completion />
			<envvars />
			<debugger />
			<lib_finder disable_auto="1" />
		</Extensions>
	</Project>
</CodeBlocks_project_file>
