<?xml version="1.0" encoding="UTF-8" standalone="yes" ?>
<CodeBlocks_project_file>
	<FileVersion major="1" minor="6" />
	<Project>
		<Option title="online_server" />
		<Option pch_mode="2" />
		<Option compiler="gcc" />
		<Build>
			<Target title="Debug">
				<Option output="bin/Debug/online_server" prefix_auto="1" extension_auto="1" />
				<Option object_output="obj/Debug/" />
				<Option type="1" />
				<Option compiler="gcc" />
				<Compiler>
					<Add option="-g" />
				</Compiler>
			</Target>
			<Target title="Release">
				<Option output="bin/Release/online_server" prefix_auto="1" extension_auto="1" />
				<Option object_output="obj/Release/" />
				<Option type="1" />
				<Option compiler="gcc" />
				<Compiler>
					<Add option="-O2" />
				</Compiler>
				<Linker>
					<Add option="-s" />
				</Linker>
			</Target>
		</Build>
		<Compiler>
			<Add option="-Wall" />
			<Add directory="include" />
		</Compiler>
		<Linker>
			<Add library="mingw32" />
			<Add library="SDL2main" />
			<Add library="SDL2" />
			<Add library="SDL2_net" />
		</Linker>
		<Unit filename="include/bullet.h" />
		<Unit filename="include/game_obj.h" />
		<Unit filename="include/game_world.h" />
		<Unit filename="include/input_handler.h" />
		<Unit filename="include/input_net.h" />
		<Unit filename="include/packet_io.h" />
		<Unit filename="include/player.h" />
		<Unit filename="include/server.h" />
		<Unit filename="include/user.h" />
		<Unit filename="src/bullet.cpp" />
		<Unit filename="src/game_world.cpp" />
		<Unit filename="src/input_net.cpp" />
		<Unit filename="src/main.cpp" />
		<Unit filename="src/packet_io.cpp" />
		<Unit filename="src/player.cpp" />
		<Unit filename="src/server.cpp" />
		<Unit filename="src/user.cpp" />
		<Extensions>
			<code_completion />
			<envvars />
			<debugger />
		</Extensions>
	</Project>
</CodeBlocks_project_file>
